
Microsoft Visual Studio Solution File, Format Version 10.00
# Visual C++ Express 2008
Project("{8BC9CEB8-8B4A-11D0-8D11-00A0C91BC942}") = "array", "array\array.vcproj", "{0AD8EC1E-4923-4DDA-BF57-EB71EA87951A}"
EndProject
Global
	GlobalSection(SolutionConfigurationPlatforms) = preSolution
		Debug|Win32 = Debug|Win32
		Release|Win32 = Release|Win32
	EndGlobalSection
	GlobalSection(ProjectConfigurationPlatforms) = postSolution
		{0AD8EC1E-4923-4DDA-BF57-EB71EA87951A}.Debug|Win32.ActiveCfg = Debug|Win32
		{0AD8EC1E-4923-4DDA-BF57-EB71EA87951A}.Debug|Win32.Build.0 = Debug|Win32
		{0AD8EC1E-4923-4DDA-BF57-EB71EA87951A}.Release|Win32.ActiveCfg = Release|Win32
		{0AD8EC1E-4923-4DDA-BF57-EB71EA87951A}.Release|Win32.Build.0 = Release|Win32
	EndGlobalSection
	GlobalSection(SolutionProperties) = preSolution
		HideSolutionNode = FALSE
	EndGlobalSection
EndGlobal
